github.com/qdrant/go-client v1.15.2 h1:3NSyxpHrfQTP6JLDAwqNUShz6V9tuRBKz0G7hSOxrac=
github.com/qdrant/go-client v1.15.2/go.mod h1:iO8ts78jL4x6LDHFOViyYWELVtIBDTjOykBmiOTHLnQ=
github.com/sheeiavellie/go-yandexgpt v1.8.0 h1:HXXAYZSEJyIoFR2wGV/flulaI6CouTq/cobcxJY/SZg=
github.com/sheeiavellie/go-yandexgpt v1.8.0/go.mod h1:T5wQfZOnS8I3GMEFRMMBZudbKHkg5spU26Um/vQzJ0k=
